
Microsoft Visual Studio Solution File, Format Version 12.00
# Visual Studio 15
VisualStudioVersion = 15.0.28307.779
MinimumVisualStudioVersion = 10.0.40219.1
Project("{FAE04EC0-301F-11D3-BF4B-00C04F79EFBC}") = "Neironki4", "Neironki4.csproj", "{B144CA36-7473-4C44-983D-B2F478E9314E}"
EndProject
Global
	GlobalSection(SolutionConfigurationPlatforms) = preSolution
		Debug|Any CPU = Debug|Any CPU
		Release|Any CPU = Release|Any CPU
	EndGlobalSection
	GlobalSection(ProjectConfigurationPlatforms) = postSolution
		{B144CA36-7473-4C44-983D-B2F478E9314E}.Debug|Any CPU.ActiveCfg = Debug|Any CPU
		{B144CA36-7473-4C44-983D-B2F478E9314E}.Debug|Any CPU.Build.0 = Debug|Any CPU
		{B144CA36-7473-4C44-983D-B2F478E9314E}.Release|Any CPU.ActiveCfg = Release|Any CPU
		{B144CA36-7473-4C44-983D-B2F478E9314E}.Release|Any CPU.Build.0 = Release|Any CPU
	EndGlobalSection
	GlobalSection(SolutionProperties) = preSolution
		HideSolutionNode = FALSE
	EndGlobalSection
	GlobalSection(ExtensibilityGlobals) = postSolution
		SolutionGuid = {8731A16F-36CE-44D7-BF5D-DFED2E574BCE}
	EndGlobalSection
EndGlobal
